
Microsoft Visual Studio Solution File, Format Version 12.00
# Visual Studio Version 17
VisualStudioVersion = 17.0.31903.59
MinimumVisualStudioVersion = 10.0.40219.1
Project("{FAE04EC0-301F-11D3-BF4B-00C04F79EFBC}") = "PhysiSharp", "PhysiSharp\PhysiSharp.csproj", "{137CDB97-8951-4DF5-A9F3-3D68F2593B88}"
EndProject
Project("{FAE04EC0-301F-11D3-BF4B-00C04F79EFBC}") = "PhysiSharp.ModelTests", "PhysiSharp.ModelTests\PhysiSharp.ModelTests.csproj", "{2D196BC4-945D-418A-8511-8ED4E93C93FA}"
EndProject
Project("{FAE04EC0-301F-11D3-BF4B-00C04F79EFBC}") = "PhysiSharp.ServiceTests", "PhysiSharp.ServiceTests\PhysiSharp.ServiceTests.csproj", "{E130EC91-7958-4DE8-BF6A-8D8B5EAE2380}"
EndProject
Global
	GlobalSection(SolutionConfigurationPlatforms) = preSolution
		Debug|Any CPU = Debug|Any CPU
		Release|Any CPU = Release|Any CPU
	EndGlobalSection
	GlobalSection(SolutionProperties) = preSolution
		HideSolutionNode = FALSE
	EndGlobalSection
	GlobalSection(ProjectConfigurationPlatforms) = postSolution
		{137CDB97-8951-4DF5-A9F3-3D68F2593B88}.Debug|Any CPU.ActiveCfg = Debug|Any CPU
		{137CDB97-8951-4DF5-A9F3-3D68F2593B88}.Debug|Any CPU.Build.0 = Debug|Any CPU
		{137CDB97-8951-4DF5-A9F3-3D68F2593B88}.Release|Any CPU.ActiveCfg = Release|Any CPU
		{137CDB97-8951-4DF5-A9F3-3D68F2593B88}.Release|Any CPU.Build.0 = Release|Any CPU
		{2D196BC4-945D-418A-8511-8ED4E93C93FA}.Debug|Any CPU.ActiveCfg = Debug|Any CPU
		{2D196BC4-945D-418A-8511-8ED4E93C93FA}.Debug|Any CPU.Build.0 = Debug|Any CPU
		{2D196BC4-945D-418A-8511-8ED4E93C93FA}.Release|Any CPU.ActiveCfg = Release|Any CPU
		{2D196BC4-945D-418A-8511-8ED4E93C93FA}.Release|Any CPU.Build.0 = Release|Any CPU
		{E130EC91-7958-4DE8-BF6A-8D8B5EAE2380}.Debug|Any CPU.ActiveCfg = Debug|Any CPU
		{E130EC91-7958-4DE8-BF6A-8D8B5EAE2380}.Debug|Any CPU.Build.0 = Debug|Any CPU
		{E130EC91-7958-4DE8-BF6A-8D8B5EAE2380}.Release|Any CPU.ActiveCfg = Release|Any CPU
		{E130EC91-7958-4DE8-BF6A-8D8B5EAE2380}.Release|Any CPU.Build.0 = Release|Any CPU
	EndGlobalSection
EndGlobal
